
Microsoft Visual Studio Solution File, Format Version 12.00
# Visual Studio Version 16
VisualStudioVersion = 16.0.30204.135
MinimumVisualStudioVersion = 10.0.40219.1
Project("{FAE04EC0-301F-11D3-BF4B-00C04F79EFBC}") = "OpcUaDemo", "OpcUaDemo\OpcUaDemo.csproj", "{6EDC10D0-5FD2-49CA-A3FC-2B7C517B6021}"
EndProject
Global
	GlobalSection(SolutionConfigurationPlatforms) = preSolution
		Debug|Any CPU = Debug|Any CPU
		Release|Any CPU = Release|Any CPU
	EndGlobalSection
	GlobalSection(ProjectConfigurationPlatforms) = postSolution
		{6EDC10D0-5FD2-49CA-A3FC-2B7C517B6021}.Debug|Any CPU.ActiveCfg = Debug|Any CPU
		{6EDC10D0-5FD2-49CA-A3FC-2B7C517B6021}.Debug|Any CPU.Build.0 = Debug|Any CPU
		{6EDC10D0-5FD2-49CA-A3FC-2B7C517B6021}.Release|Any CPU.ActiveCfg = Release|Any CPU
		{6EDC10D0-5FD2-49CA-A3FC-2B7C517B6021}.Release|Any CPU.Build.0 = Release|Any CPU
	EndGlobalSection
	GlobalSection(SolutionProperties) = preSolution
		HideSolutionNode = FALSE
	EndGlobalSection
	GlobalSection(ExtensibilityGlobals) = postSolution
		SolutionGuid = {69D2B122-814B-4B8E-AF42-3333F79D7E62}
	EndGlobalSection
EndGlobal
